
Microsoft Visual Studio Solution File, Format Version 12.00
# Visual Studio Version 16
VisualStudioVersion = 16.0.30523.141
MinimumVisualStudioVersion = 10.0.40219.1
Project("{FAE04EC0-301F-11D3-BF4B-00C04F79EFBC}") = "Kupan_Sorina_Lab8", "Kupan_Sorina_Lab8.csproj", "{A7738FD4-2F49-421A-ACCD-B0309FD793A0}"
EndProject
Global
	GlobalSection(SolutionConfigurationPlatforms) = preSolution
		Debug|Any CPU = Debug|Any CPU
		Release|Any CPU = Release|Any CPU
	EndGlobalSection
	GlobalSection(ProjectConfigurationPlatforms) = postSolution
		{A7738FD4-2F49-421A-ACCD-B0309FD793A0}.Debug|Any CPU.ActiveCfg = Debug|Any CPU
		{A7738FD4-2F49-421A-ACCD-B0309FD793A0}.Debug|Any CPU.Build.0 = Debug|Any CPU
		{A7738FD4-2F49-421A-ACCD-B0309FD793A0}.Release|Any CPU.ActiveCfg = Release|Any CPU
		{A7738FD4-2F49-421A-ACCD-B0309FD793A0}.Release|Any CPU.Build.0 = Release|Any CPU
	EndGlobalSection
	GlobalSection(SolutionProperties) = preSolution
		HideSolutionNode = FALSE
	EndGlobalSection
	GlobalSection(ExtensibilityGlobals) = postSolution
		SolutionGuid = {1F36DB06-3B26-4288-9C85-A7E785F126CF}
	EndGlobalSection
EndGlobal
